// !$*UTF8*$!
{
	archiveVersion = 1;
	classes = {
	};
	objectVersion = 46;
	objects = {

/* Begin PBXBuildFile section */
		ED057B5521047FC500D2B030 /* ExperimentalNewFeature.cpp in Sources */ = {isa = PBXBuildFile; fileRef = ED057B5421047FC500D2B030 /* ExperimentalNewFeature.cpp */; };
		ED08E9812101B0CB0019D555 /* main.cpp in Sources */ = {isa = PBXBuildFile; fileRef = ED08E97221011E840019D555 /* main.cpp */; };
/* End PBXBuildFile section */

/* Begin PBXCopyFilesBuildPhase section */
		ED08E96D21011E840019D555 /* CopyFiles */ = {
			isa = PBXCopyFilesBuildPhase;
			buildActionMask = 2147483647;
			dstPath = /usr/share/man/man1/;
			dstSubfolderSpec = 0;
			files = (
			);
			runOnlyForDeploymentPostprocessing = 1;
		};
/* End PBXCopyFilesBuildPhase section */

/* Begin PBXFileReference section */
		ED057B5421047FC500D2B030 /* ExperimentalNewFeature.cpp */ = {isa = PBXFileReference; fileEncoding = 4; lastKnownFileType = sourcecode.cpp.cpp; path = ExperimentalNewFeature.cpp; sourceTree = "<group>"; };
		ED08E96F21011E840019D555 /* Cgoof */ = {isa = PBXFileReference; explicitFileType = "compiled.mach-o.executable"; includeInIndex = 0; path = Cgoof; sourceTree = BUILT_PRODUCTS_DIR; };
		ED08E97221011E840019D555 /* main.cpp */ = {isa = PBXFileReference; lastKnownFileType = sourcecode.cpp.cpp; path = main.cpp; sourceTree = "<group>"; };
		ED08E9792101A4930019D555 /* myDie.cpp */ = {isa = PBXFileReference; lastKnownFileType = sourcecode.cpp.cpp; path = myDie.cpp; sourceTree = "<group>"; };
/* End PBXFileReference section */

/* Begin PBXFrameworksBuildPhase section */
		ED08E96C21011E840019D555 /* Frameworks */ = {
			isa = PBXFrameworksBuildPhase;
			buildActionMask = 2147483647;
			files = (
			);
			runOnlyForDeploymentPostprocessing = 0;
		};
/* End PBXFrameworksBuildPhase section */

/* Begin PBXGroup section */
		ED08E96621011E840019D555 = {
			isa = PBXGroup;
			children = (
				ED08E97121011E840019D555 /* Cgoof */,
				ED08E97021011E840019D555 /* Products */,
			);
			sourceTree = "<group>";
		};
		ED08E97021011E840019D555 /* Products */ = {
			isa = PBXGroup;
			children = (
				ED08E96F21011E840019D555 /* Cgoof */,
			);
			name = Products;
			sourceTree = "<group>";
		};
		ED08E97121011E840019D555 /* Cgoof */ = {
			isa = PBXGroup;
			children = (
				ED08E9792101A4930019D555 /* myDie.cpp */,
				ED08E97221011E840019D555 /* main.cpp */,
				ED057B5421047FC500D2B030 /* ExperimentalNewFeature.cpp */,
			);
			path = Cgoof;
			sourceTree = "<group>";
		};
/* End PBXGroup section */

/* Begin PBXNativeTarget section */
		ED08E96E21011E840019D555 /* Cgoof */ = {
			isa = PBXNativeTarget;
			buildConfigurationList = ED08E97621011E840019D555 /* Build configuration list for PBXNativeTarget "Cgoof" */;
			buildPhases = (
				ED08E96B21011E840019D555 /* Sources */,
				ED08E96C21011E840019D555 /* Frameworks */,
				ED08E96D21011E840019D555 /* CopyFiles */,
			);
			buildRules = (
			);
			dependencies = (
			);
			name = Cgoof;
			productName = Cgoof;
			productReference = ED08E96F21011E840019D555 /* Cgoof */;
			productType = "com.apple.product-type.tool";
		};
/* End PBXNativeTarget section */

/* Begin PBXProject section */
		ED08E96721011E840019D555 /* Project object */ = {
			isa = PBXProject;
			attributes = {
				LastUpgradeCheck = 0800;
				ORGANIZATIONNAME = "Dustin Beck";
				TargetAttributes = {
					ED08E96E21011E840019D555 = {
						CreatedOnToolsVersion = 8.0;
						DevelopmentTeam = H47Z36Q7TF;
						ProvisioningStyle = Automatic;
					};
				};
			};
			buildConfigurationList = ED08E96A21011E840019D555 /* Build configuration list for PBXProject "Cgoof" */;
			compatibilityVersion = "Xcode 3.2";
			developmentRegion = English;
			hasScannedForEncodings = 0;
			knownRegions = (
				en,
			);
			mainGroup = ED08E96621011E840019D555;
			productRefGroup = ED08E97021011E840019D555 /* Products */;
			projectDirPath = "";
			projectRoot = "";
			targets = (
				ED08E96E21011E840019D555 /* Cgoof */,
			);
		};
/* End PBXProject section */

/* Begin PBXSourcesBuildPhase section */
		ED08E96B21011E840019D555 /* Sources */ = {
			isa = PBXSourcesBuildPhase;
			buildActionMask = 2147483647;
			files = (
				ED08E9812101B0CB0019D555 /* main.cpp in Sources */,
				ED057B5521047FC500D2B030 /* ExperimentalNewFeature.cpp in Sources */,
			);
			runOnlyForDeploymentPostprocessing = 0;
		};
/* End PBXSourcesBuildPhase section */

/* Begin XCBuildConfiguration section */
		ED08E97421011E840019D555 /* Debug */ = {
			isa = XCBuildConfiguration;
			buildSettings = {
				ALWAYS_SEARCH_USER_PATHS = NO;
				CLANG_ANALYZER_NONNULL = YES;
				CLANG_CXX_LANGUAGE_STANDARD = "gnu++0x";
				CLANG_CXX_LIBRARY = "libc++";
				CLANG_ENABLE_MODULES = YES;
				CLANG_ENABLE_OBJC_ARC = YES;
				CLANG_WARN_BOOL_CONVERSION = YES;
				CLANG_WARN_CONSTANT_CONVERSION = YES;
				CLANG_WARN_DIRECT_OBJC_ISA_USAGE = YES_ERROR;
				CLANG_WARN_DOCUMENTATION_COMMENTS = YES;
				CLANG_WARN_EMPTY_BODY = YES;
				CLANG_WARN_ENUM_CONVERSION = YES;
				CLANG_WARN_INFINITE_RECURSION = YES;
				CLANG_WARN_INT_CONVERSION = YES;
				CLANG_WARN_OBJC_ROOT_CLASS = YES_ERROR;
				CLANG_WARN_SUSPICIOUS_MOVES = YES;
				CLANG_WARN_UNREACHABLE_CODE = YES;
				CLANG_WARN__DUPLICATE_METHOD_MATCH = YES;
				CODE_SIGN_IDENTITY = "-";
				COPY_PHASE_STRIP = NO;
				DEBUG_INFORMATION_FORMAT = dwarf;
				ENABLE_STRICT_OBJC_MSGSEND = YES;
				ENABLE_TESTABILITY = YES;
				GCC_C_LANGUAGE_STANDARD = gnu99;
				GCC_DYNAMIC_NO_PIC = NO;
				GCC_NO_COMMON_BLOCKS = YES;
				GCC_OPTIMIZATION_LEVEL = 0;
				GCC_PREPROCESSOR_DEFINITIONS = (
					"DEBUG=1",
					"$(inherited)",
				);
				GCC_WARN_64_TO_32_BIT_CONVERSION = YES;
				GCC_WARN_ABOUT_RETURN_TYPE = YES_ERROR;
				GCC_WARN_UNDECLARED_SELECTOR = YES;
				GCC_WARN_UNINITIALIZED_AUTOS = YES_AGGRESSIVE;
				GCC_WARN_UNUSED_FUNCTION = YES;
				GCC_WARN_UNUSED_VARIABLE = YES;
				MACOSX_DEPLOYMENT_TARGET = 10.11;
				MTL_ENABLE_DEBUG_INFO = YES;
				ONLY_ACTIVE_ARCH = YES;
				SDKROOT = macosx;
			};
			name = Debug;
		};
		ED08E97521011E840019D555 /* Release */ = {
			isa = XCBuildConfiguration;
			buildSettings = {
				ALWAYS_SEARCH_USER_PATHS = NO;
				CLANG_ANALYZER_NONNULL = YES;
				CLANG_CXX_LANGUAGE_STANDARD = "gnu++0x";
				CLANG_CXX_LIBRARY = "libc++";
				CLANG_ENABLE_MODULES = YES;
				CLANG_ENABLE_OBJC_ARC = YES;
				CLANG_WARN_BOOL_CONVERSION = YES;
				CLANG_WARN_CONSTANT_CONVERSION = YES;
				CLANG_WARN_DIRECT_OBJC_ISA_USAGE = YES_ERROR;
				CLANG_WARN_DOCUMENTATION_COMMENTS = YES;
				CLANG_WARN_EMPTY_BODY = YES;
				CLANG_WARN_ENUM_CONVERSION = YES;
				CLANG_WARN_INFINITE_RECURSION = YES;
				CLANG_WARN_INT_CONVERSION = YES;
				CLANG_WARN_OBJC_ROOT_CLASS = YES_ERROR;
				CLANG_WARN_SUSPICIOUS_MOVES = YES;
				CLANG_WARN_UNREACHABLE_CODE = YES;
				CLANG_WARN__DUPLICATE_METHOD_MATCH = YES;
				CODE_SIGN_IDENTITY = "-";
				COPY_PHASE_STRIP = NO;
				DEBUG_INFORMATION_FORMAT = "dwarf-with-dsym";
				ENABLE_NS_ASSERTIONS = NO;
				ENABLE_STRICT_OBJC_MSGSEND = YES;
				GCC_C_LANGUAGE_STANDARD = gnu99;
				GCC_NO_COMMON_BLOCKS = YES;
				GCC_WARN_64_TO_32_BIT_CONVERSION = YES;
				GCC_WARN_ABOUT_RETURN_TYPE = YES_ERROR;
				GCC_WARN_UNDECLARED_SELECTOR = YES;
				GCC_WARN_UNINITIALIZED_AUTOS = YES_AGGRESSIVE;
				GCC_WARN_UNUSED_FUNCTION = YES;
				GCC_WARN_UNUSED_VARIABLE = YES;
				MACOSX_DEPLOYMENT_TARGET = 10.11;
				MTL_ENABLE_DEBUG_INFO = NO;
				SDKROOT = macosx;
			};
			name = Release;
		};
		ED08E97721011E840019D555 /* Debug */ = {
			isa = XCBuildConfiguration;
			buildSettings = {
				DEVELOPMENT_TEAM = H47Z36Q7TF;
				PRODUCT_NAME = "$(TARGET_NAME)";
			};
			name = Debug;
		};
		ED08E97821011E840019D555 /* Release */ = {
			isa = XCBuildConfiguration;
			buildSettings = {
				DEVELOPMENT_TEAM = H47Z36Q7TF;
				PRODUCT_NAME = "$(TARGET_NAME)";
			};
			name = Release;
		};
/* End XCBuildConfiguration section */

/* Begin XCConfigurationList section */
		ED08E96A21011E840019D555 /* Build configuration list for PBXProject "Cgoof" */ = {
			isa = XCConfigurationList;
			buildConfigurations = (
				ED08E97421011E840019D555 /* Debug */,
				ED08E97521011E840019D555 /* Release */,
			);
			defaultConfigurationIsVisible = 0;
			defaultConfigurationName = Release;
		};
		ED08E97621011E840019D555 /* Build configuration list for PBXNativeTarget "Cgoof" */ = {
			isa = XCConfigurationList;
			buildConfigurations = (
				ED08E97721011E840019D555 /* Debug */,
				ED08E97821011E840019D555 /* Release */,
			);
			defaultConfigurationIsVisible = 0;
			defaultConfigurationName = Release;
		};
/* End XCConfigurationList section */
	};
	rootObject = ED08E96721011E840019D555 /* Project object */;
}
